{
  "version": "1.0.0",
  "lockfileVersion": 1,
  "workspaces": {
    "storage/framework/actions": {
      "name": "temp"
    },
    "storage/framework/api": {
      "name": "stacks-api",
      "version": "0.70.23",
      "dependencies": {
        "@stacksjs/logging": "workspace:*",
        "@stacksjs/queue": "workspace:*",
        "@stacksjs/router": "workspace:*",
        "@stacksjs/storage": "workspace:*",
        "@stacksjs/utils": "workspace:*"
      }
    },
    "storage/framework/cloud": {
      "name": "stacks-cloud",
      "version": "0.70.23",
      "dependencies": {
        "@stacksjs/config": "workspace:*",
        "@stacksjs/dns": "workspace:*",
        "@stacksjs/logging": "workspace:*",
        "@stacksjs/path": "workspace:*",
        "@stacksjs/queue": "workspace:*",
        "@stacksjs/router": "workspace:*",
        "@stacksjs/storage": "workspace:*",
        "@stacksjs/utils": "workspace:*",
        "@stacksjs/validation": "workspace:*"
      },
      "devDependencies": {
        "@stacksjs/cli": "workspace:*",
        "@stacksjs/env": "workspace:*",
        "better-dx": "^0.2.5"
      }
    },
    "storage/framework/core": {
      "name": "stacks",
      "version": "0.70.23",
      "dependencies": {
        "@stacksjs/actions": "workspace:*",
        "@stacksjs/ai": "workspace:*",
        "@stacksjs/alias": "workspace:*",
        "@stacksjs/arrays": "workspace:*",
        "@stacksjs/auth": "workspace:*",
        "@stacksjs/buddy": "workspace:*",
        "@stacksjs/build": "workspace:*",
        "@stacksjs/cache": "workspace:*",
        "@stacksjs/cli": "workspace:*",
        "@stacksjs/cloud": "workspace:*",
        "@stacksjs/collections": "workspace:*",
        "@stacksjs/config": "workspace:*",
        "@stacksjs/database": "workspace:*",
        "@stacksjs/desktop": "workspace:*",
        "@stacksjs/dns": "workspace:*",
        "@stacksjs/docs": "workspace:*",
        "@stacksjs/email": "workspace:*",
        "@stacksjs/enums": "workspace:*",
        "@stacksjs/env": "workspace:*",
        "@stacksjs/error-handling": "workspace:*",
        "@stacksjs/events": "workspace:*",
        "@stacksjs/git": "workspace:*",
        "@stacksjs/health": "workspace:*",
        "@stacksjs/lint": "workspace:*",
        "@stacksjs/logging": "workspace:*",
        "@stacksjs/notifications": "workspace:*",
        "@stacksjs/objects": "workspace:*",
        "@stacksjs/orm": "workspace:*",
        "@stacksjs/path": "workspace:*",
        "@stacksjs/payments": "workspace:*",
        "@stacksjs/realtime": "workspace:*",
        "@stacksjs/router": "workspace:*",
        "@stacksjs/search-engine": "workspace:*",
        "@stacksjs/security": "workspace:*",
        "@stacksjs/server": "workspace:*",
        "@stacksjs/storage": "workspace:*",
        "@stacksjs/strings": "workspace:*",
        "@stacksjs/tlsx": "^0.13.0",
        "@stacksjs/tunnel": "workspace:*",
        "@stacksjs/types": "workspace:*",
        "@stacksjs/ui": "workspace:*",
        "@stacksjs/utils": "workspace:*",
        "@stacksjs/validation": "workspace:*",
        "better-dx": "^0.2.5",
        "bun-query-builder": "^0.1.12"
      }
    },
    "storage/framework/core/actions": {
      "name": "@stacksjs/actions",
      "version": "0.70.23",
      "dependencies": {
        "@stacksjs/ts-cloud": "^0.2.1"
      },
      "devDependencies": {
        "@stacksjs/api": "workspace:*",
        "@stacksjs/cli": "workspace:*",
        "@stacksjs/config": "workspace:*",
        "@stacksjs/database": "workspace:*",
        "@stacksjs/dns": "workspace:*",
        "@stacksjs/enums": "workspace:*",
        "@stacksjs/env": "workspace:*",
        "@stacksjs/error-handling": "workspace:*",
        "@stacksjs/logging": "workspace:*",
        "@stacksjs/path": "workspace:*",
        "@stacksjs/security": "workspace:*",
        "@stacksjs/storage": "workspace:*",
        "@stacksjs/strings": "workspace:*",
        "@stacksjs/tlsx": "^0.13.0",
        "@stacksjs/utils": "workspace:*",
        "@stacksjs/validation": "workspace:*",
        "better-dx": "^0.2.5"
      }
    },
    "storage/framework/core/ai": {
      "name": "@stacksjs/ai",
      "version": "0.70.23",
      "dependencies": {
        "@anthropic-ai/claude-agent-sdk": "^0.2.49",
        "@stacksjs/ts-cloud": "^0.1.14"
      },
      "devDependencies": {
        "better-dx": "^0.2.5"
      }
    },
    "storage/framework/core/alias": {
      "name": "@stacksjs/alias",
      "version": "0.70.23",
      "devDependencies": {
        "@stacksjs/path": "workspace:*",
        "better-dx": "^0.2.5"
      }
    },
    "storage/framework/core/analytics": {
      "name": "@stacksjs/analytics",
      "version": "0.70.23",
      "devDependencies": {
        "better-dx": "^0.2.5"
      }
    },
    "storage/framework/core/api": {
      "name": "@stacksjs/api",
      "version": "0.70.23",
      "devDependencies": {
        "@stacksjs/utils": "workspace:*",
        "better-dx": "^0.2.5"
      }
    },
    "storage/framework/core/arrays": {
      "name": "@stacksjs/arrays",
      "version": "0.70.23",
      "devDependencies": {
        "@stacksjs/utils": "workspace:*",
        "better-dx": "^0.2.5"
      }
    },
    "storage/framework/core/auth": {
      "name": "@stacksjs/auth",
      "version": "0.70.23",
      "dependencies": {
        "@stacksjs/ts-auth": "^0.4.1"
      },
      "devDependencies": {
        "@stacksjs/error-handling": "workspace:*",
        "@stacksjs/router": "workspace:*",
        "better-dx": "^0.2.5"
      }
    },
    "storage/framework/core/browser": {
      "name": "@stacksjs/browser",
      "version": "0.70.23",
      "dependencies": {
        "@stacksjs/composables": "workspace:*",
        "@stacksjs/stx": "^0.2.7",
        "@stripe/stripe-js": "^8.7.0",
        "bun-query-builder": "^0.1.12",
        "magic-regexp": "^0.11.0"
      },
      "devDependencies": {
        "@stacksjs/utils": "workspace:*",
        "better-dx": "^0.2.5"
      }
    },
    "storage/framework/core/buddy": {
      "name": "@stacksjs/buddy",
      "version": "0.70.23",
      "dependencies": {
        "@stacksjs/actions": "workspace:*",
        "@stacksjs/ai": "workspace:*",
        "@stacksjs/alias": "workspace:*",
        "@stacksjs/arrays": "workspace:*",
        "@stacksjs/auth": "workspace:*",
        "@stacksjs/build": "workspace:*",
        "@stacksjs/cache": "workspace:*",
        "@stacksjs/cli": "workspace:*",
        "@stacksjs/cloud": "workspace:*",
        "@stacksjs/collections": "workspace:*",
        "@stacksjs/config": "workspace:*",
        "@stacksjs/database": "workspace:*",
        "@stacksjs/desktop": "workspace:*",
        "@stacksjs/dns": "workspace:*",
        "@stacksjs/dnsx": "^0.2.2",
        "@stacksjs/docs": "workspace:*",
        "@stacksjs/email": "workspace:*",
        "@stacksjs/enums": "workspace:*",
        "@stacksjs/error-handling": "workspace:*",
        "@stacksjs/events": "workspace:*",
        "@stacksjs/git": "workspace:*",
        "@stacksjs/health": "workspace:*",
        "@stacksjs/httx": "^0.1.7",
        "@stacksjs/lint": "workspace:*",
        "@stacksjs/logging": "workspace:*",
        "@stacksjs/notifications": "workspace:*",
        "@stacksjs/objects": "workspace:*",
        "@stacksjs/orm": "workspace:*",
        "@stacksjs/path": "workspace:*",
        "@stacksjs/payments": "workspace:*",
        "@stacksjs/realtime": "workspace:*",
        "@stacksjs/router": "workspace:*",
        "@stacksjs/rpx": "^0.11.0",
        "@stacksjs/search-engine": "workspace:*",
        "@stacksjs/security": "workspace:*",
        "@stacksjs/server": "workspace:*",
        "@stacksjs/storage": "workspace:*",
        "@stacksjs/strings": "workspace:*",
        "@stacksjs/testing": "workspace:*",
        "@stacksjs/ts-cloud": "^0.1.14",
        "@stacksjs/tunnel": "workspace:*",
        "@stacksjs/types": "workspace:*",
        "@stacksjs/ui": "workspace:*",
        "@stacksjs/utils": "workspace:*",
        "@stacksjs/validation": "workspace:*",
        "better-dx": "^0.2.5"
      },
      "devDependencies": {
        "better-dx": "^0.2.5"
      }
    },
    "storage/framework/core/bun-create/bud": {
      "name": "@bun-examples/bud",
      "version": "0.70.23",
      "dependencies": {
        "stacks": "workspace:*"
      }
    },
    "storage/framework/core/bun-create/buddy": {
      "name": "@bun-examples/buddy",
      "version": "0.70.23",
      "dependencies": {
        "stacks": "workspace:*"
      }
    },
    "storage/framework/core/bun-create/stack": {
      "name": "@bun-examples/stack",
      "version": "0.70.23",
      "dependencies": {
        "stacks": "workspace:*"
      }
    },
    "storage/framework/core/bun-create/stacks": {
      "name": "@bun-examples/stacks",
      "version": "0.70.23",
      "dependencies": {
        "stacks": "workspace:*"
      }
    },
    "storage/framework/core/bun-create/stx": {
      "name": "@bun-examples/stx",
      "version": "0.70.23",
      "dependencies": {
        "stacks": "workspace:*"
      }
    },
    "storage/framework/core/cache": {
      "name": "@stacksjs/cache",
      "version": "0.70.23",
      "devDependencies": {
        "@stacksjs/config": "workspace:*",
        "@stacksjs/ts-cache": "^0.1.3"
      }
    },
    "storage/framework/core/calendar": {
      "name": "@stacksjs/calendar-api",
      "version": "0.70.23",
      "devDependencies": {
        "@stacksjs/browser": "workspace:*",
        "@stacksjs/security": "workspace:*",
        "better-dx": "^0.2.5"
      }
    },
    "storage/framework/core/chat": {
      "name": "@stacksjs/chat",
      "version": "0.70.23",
      "devDependencies": {
        "@stacksjs/cli": "workspace:*",
        "@stacksjs/config": "workspace:*",
        "@stacksjs/error-handling": "workspace:*",
        "@stacksjs/types": "workspace:*",
        "better-dx": "^0.2.5"
      }
    },
    "storage/framework/core/cli": {
      "name": "@stacksjs/cli",
      "version": "0.70.23",
      "dependencies": {
        "@stacksjs/clapp": "^0.2.0"
      },
      "devDependencies": {
        "@stacksjs/collections": "workspace:*",
        "@stacksjs/config": "workspace:*",
        "@stacksjs/error-handling": "workspace:*",
        "@stacksjs/logging": "workspace:*",
        "@stacksjs/path": "workspace:*",
        "@stacksjs/types": "workspace:*",
        "@stacksjs/utils": "workspace:*",
        "@stacksjs/validation": "workspace:*",
        "better-dx": "^0.2.5"
      }
    },
    "storage/framework/core/cloud": {
      "name": "@stacksjs/cloud",
      "version": "0.70.23",
      "dependencies": {
        "@stacksjs/ts-cloud": "^0.1.14"
      },
      "devDependencies": {
        "@stacksjs/cli": "workspace:*",
        "@stacksjs/config": "workspace:*",
        "@stacksjs/dns": "workspace:*",
        "@stacksjs/env": "workspace:*",
        "@stacksjs/logging": "workspace:*",
        "@stacksjs/path": "workspace:*",
        "@stacksjs/router": "workspace:*",
        "@stacksjs/storage": "workspace:*",
        "@stacksjs/utils": "workspace:*",
        "@stacksjs/validation": "workspace:*",
        "better-dx": "^0.2.5"
      }
    },
    "storage/framework/core/cloud/src/cloud/router-layer/nodejs": {
      "name": "stacks-router-layer",
      "version": "0.70.23",
      "dependencies": {
        "@stacksjs/router": "workspace:*"
      }
    },
    "storage/framework/core/cms": {
      "name": "@stacksjs/cms",
      "version": "0.70.23",
      "dependencies": {
        "ts-slug": "^0.1.0",
        "ts-spreadsheets": "^0.2.0"
      },
      "devDependencies": {
        "better-dx": "^0.2.5"
      }
    },
    "storage/framework/core/collections": {
      "name": "@stacksjs/collections",
      "version": "0.70.23",
      "devDependencies": {
        "better-dx": "^0.2.5",
        "ts-collect": "^0.4.0"
      }
    },
    "storage/framework/core/commerce": {
      "name": "@stacksjs/commerce",
      "version": "0.70.23",
      "dependencies": {
        "ts-spreadsheets": "^0.2.0"
      },
      "devDependencies": {
        "better-dx": "^0.2.5"
      }
    },
    "storage/framework/core/composables": {
      "name": "@stacksjs/composables",
      "version": "0.70.23",
      "dependencies": {
        "@stacksjs/datetime": "workspace:*",
        "@stacksjs/stx": "^0.2.7"
      },
      "devDependencies": {
        "better-dx": "^0.2.5"
      }
    },
    "storage/framework/core/config": {
      "name": "@stacksjs/config",
      "version": "0.70.23",
      "dependencies": {
        "ts-pantry": "^0.7.5"
      },
      "devDependencies": {
        "@stacksjs/alias": "workspace:*",
        "@stacksjs/types": "workspace:*",
        "better-dx": "^0.2.5",
        "bunfig": "^0.15.6"
      }
    },
    "storage/framework/core/cron": {
      "name": "@stacksjs/cron",
      "version": "0.70.23",
      "devDependencies": {
        "better-dx": "^0.2.5"
      }
    },
    "storage/framework/core/database": {
      "name": "@stacksjs/database",
      "version": "0.70.23",
      "dependencies": {
        "bun-query-builder": "^0.1.12"
      },
      "devDependencies": {
        "@stacksjs/cli": "workspace:*",
        "@stacksjs/config": "workspace:*",
        "@stacksjs/logging": "workspace:*",
        "@stacksjs/path": "workspace:*",
        "@stacksjs/query-builder": "workspace:*",
        "@stacksjs/router": "workspace:*",
        "@stacksjs/storage": "workspace:*",
        "@stacksjs/strings": "workspace:*",
        "@stacksjs/utils": "workspace:*",
        "better-dx": "^0.2.5"
      }
    },
    "storage/framework/core/datetime": {
      "name": "@stacksjs/datetime",
      "version": "0.70.23",
      "devDependencies": {
        "@stacksjs/utils": "workspace:*",
        "better-dx": "^0.2.5"
      }
    },
    "storage/framework/core/deploy": {
      "name": "@stacksjs/deploy",
      "version": "0.0.0",
      "dependencies": {
        "@stacksjs/ts-cloud": "^0.1.14"
      }
    },
    "storage/framework/core/desktop": {
      "name": "@stacksjs/desktop",
      "version": "0.70.23",
      "devDependencies": {
        "@stacksjs/build": "workspace:*",
        "@stacksjs/server": "workspace:*",
        "better-dx": "^0.2.5"
      }
    },
    "storage/framework/core/development": {
      "name": "@stacksjs/development",
      "version": "0.0.1"
    },
    "storage/framework/core/dns": {
      "name": "@stacksjs/dns",
      "version": "0.70.23",
      "dependencies": {
        "@stacksjs/dnsx": "^0.2.2",
        "@stacksjs/ts-cloud": "^0.1.14"
      },
      "devDependencies": {
        "@stacksjs/actions": "workspace:*",
        "@stacksjs/error-handling": "workspace:*",
        "@stacksjs/path": "workspace:*",
        "@stacksjs/storage": "workspace:*",
        "@stacksjs/strings": "workspace:*",
        "@stacksjs/whois": "workspace:*",
        "better-dx": "^0.2.5"
      }
    },
    "storage/framework/core/docs": {
      "name": "@stacksjs/docs",
      "version": "0.70.23",
      "dependencies": {
        "@stacksjs/bunpress": "^0.1.1"
      },
      "devDependencies": {
        "@stacksjs/alias": "workspace:*",
        "@stacksjs/config": "workspace:*",
        "@stacksjs/path": "workspace:*",
        "@stacksjs/server": "workspace:*",
        "better-dx": "^0.2.5"
      }
    },
    "storage/framework/core/email": {
      "name": "@stacksjs/email",
      "version": "0.70.23",
      "dependencies": {
        "@stacksjs/ts-cloud": "^0.1.14"
      },
      "devDependencies": {
        "@stacksjs/cli": "workspace:*",
        "@stacksjs/config": "workspace:*",
        "@stacksjs/error-handling": "workspace:*",
        "@stacksjs/types": "workspace:*",
        "better-dx": "^0.2.5"
      }
    },
    "storage/framework/core/enums": {
      "name": "@stacksjs/enums",
      "version": "0.70.23",
      "devDependencies": {
        "better-dx": "^0.2.5"
      }
    },
    "storage/framework/core/env": {
      "name": "@stacksjs/env",
      "version": "0.70.23",
      "devDependencies": {
        "@stacksjs/path": "workspace:*",
        "@stacksjs/validation": "workspace:*",
        "better-dx": "^0.2.5"
      }
    },
    "storage/framework/core/error-handling": {
      "name": "@stacksjs/error-handling",
      "version": "0.70.23",
      "dependencies": {
        "ts-error-handling": "^0.1.1"
      },
      "devDependencies": {
        "@stacksjs/cli": "workspace:*",
        "@stacksjs/config": "workspace:*",
        "@stacksjs/path": "workspace:*",
        "@stacksjs/types": "workspace:*",
        "@stacksjs/validation": "workspace:*",
        "better-dx": "^0.2.5"
      }
    },
    "storage/framework/core/events": {
      "name": "@stacksjs/events",
      "version": "0.70.23",
      "devDependencies": {
        "better-dx": "^0.2.5"
      }
    },
    "storage/framework/core/faker": {
      "name": "@stacksjs/faker",
      "version": "0.70.23",
      "devDependencies": {
        "@stacksjs/cli": "workspace:*",
        "@stacksjs/config": "workspace:*",
        "better-dx": "^0.2.5",
        "ts-mocker": "^0.1.6"
      }
    },
    "storage/framework/core/git": {
      "name": "@stacksjs/git",
      "version": "0.70.23",
      "devDependencies": {
        "@stacksjs/gitit": "^0.2.2",
        "@stacksjs/gitlint": "^0.1.5",
        "bun-git-hooks": "^0.3.1"
      }
    },
    "storage/framework/core/health": {
      "name": "@stacksjs/health",
      "version": "0.70.23",
      "devDependencies": {
        "@stacksjs/notifications": "workspace:*",
        "better-dx": "^0.2.5"
      }
    },
    "storage/framework/core/http": {
      "name": "@stacksjs/http",
      "version": "0.70.23",
      "devDependencies": {
        "better-dx": "^0.2.5"
      }
    },
    "storage/framework/core/i18n": {
      "name": "@stacksjs/i18n",
      "version": "0.69.1",
      "devDependencies": {
        "@stacksjs/development": "workspace:*"
      }
    },
    "storage/framework/core/lint": {
      "name": "@stacksjs/lint",
      "version": "0.70.23",
      "devDependencies": {
        "@stacksjs/gitlint": "^0.1.5",
        "better-dx": "^0.2.5",
        "bun-git-hooks": "^0.3.1"
      }
    },
    "storage/framework/core/logging": {
      "name": "@stacksjs/logging",
      "version": "0.70.23",
      "devDependencies": {
        "@stacksjs/clarity": "^0.3.24",
        "@stacksjs/cli": "workspace:*",
        "@stacksjs/config": "workspace:*",
        "@stacksjs/error-handling": "workspace:*",
        "@stacksjs/path": "workspace:*",
        "@stacksjs/storage": "workspace:*",
        "@stacksjs/validation": "workspace:*",
        "typescript": "^5.9.3"
      }
    },
    "storage/framework/core/notifications": {
      "name": "@stacksjs/notifications",
      "version": "0.70.23",
      "devDependencies": {
        "@stacksjs/chat": "workspace:*",
        "@stacksjs/cli": "workspace:*",
        "@stacksjs/config": "workspace:*",
        "@stacksjs/email": "workspace:*",
        "@stacksjs/error-handling": "workspace:*",
        "@stacksjs/push": "workspace:*",
        "@stacksjs/sms": "workspace:*",
        "@stacksjs/types": "workspace:*",
        "better-dx": "^0.2.5"
      }
    },
    "storage/framework/core/objects": {
      "name": "@stacksjs/objects",
      "version": "0.70.23",
      "devDependencies": {
        "@stacksjs/collections": "workspace:*",
        "@stacksjs/types": "workspace:*",
        "@stacksjs/utils": "workspace:*",
        "@stacksjs/validation": "workspace:*",
        "better-dx": "^0.2.5"
      }
    },
    "storage/framework/core/orm": {
      "name": "@stacksjs/orm",
      "version": "0.70.23",
      "dependencies": {
        "@stacksjs/ts-validation": "^0.4.9",
        "bun-query-builder": "^0.1.12"
      },
      "devDependencies": {
        "@stacksjs/build": "workspace:*",
        "@stacksjs/config": "workspace:*",
        "@stacksjs/query-builder": "workspace:*",
        "@stacksjs/types": "workspace:*",
        "better-dx": "^0.2.5"
      }
    },
    "storage/framework/core/path": {
      "name": "@stacksjs/path",
      "version": "0.70.23",
      "devDependencies": {
        "better-dx": "^0.2.5"
      }
    },
    "storage/framework/core/payments": {
      "name": "@stacksjs/payments",
      "version": "0.70.23",
      "devDependencies": {
        "@stacksjs/config": "workspace:*",
        "@stacksjs/utils": "workspace:*",
        "@stripe/stripe-js": "^8.7.0",
        "better-dx": "^0.2.5",
        "stripe": "^20.3.1"
      }
    },
    "storage/framework/core/plugins": {
      "name": "@stacksjs/slugs",
      "version": "0.70.23",
      "devDependencies": {
        "better-dx": "^0.2.5"
      }
    },
    "storage/framework/core/push": {
      "name": "@stacksjs/push",
      "version": "0.70.23",
      "devDependencies": {
        "@stacksjs/cli": "workspace:*",
        "@stacksjs/config": "workspace:*",
        "@stacksjs/error-handling": "workspace:*",
        "better-dx": "^0.2.5"
      }
    },
    "storage/framework/core/query-builder": {
      "name": "@stacksjs/query-builder",
      "version": "0.70.23",
      "dependencies": {
        "bun-query-builder": "^0.1.12"
      },
      "devDependencies": {
        "@stacksjs/database": "workspace:*",
        "@stacksjs/types": "workspace:*",
        "better-dx": "^0.2.5"
      }
    },
    "storage/framework/core/queue": {
      "name": "@stacksjs/queue",
      "version": "0.70.23",
      "dependencies": {
        "@stacksjs/bun-queue": "^0.0.1"
      },
      "devDependencies": {
        "better-dx": "^0.2.5"
      }
    },
    "storage/framework/core/realtime": {
      "name": "@stacksjs/realtime",
      "version": "0.70.23",
      "devDependencies": {
        "better-dx": "^0.2.5"
      }
    },
    "storage/framework/core/registry": {
      "name": "@stacksjs/registry",
      "version": "0.70.23",
      "devDependencies": {
        "better-dx": "^0.2.5"
      }
    },
    "storage/framework/core/repl": {
      "name": "@stacksjs/repl",
      "version": "0.70.23",
      "devDependencies": {
        "@stacksjs/tinker": "workspace:*",
        "better-dx": "^0.2.5"
      }
    },
    "storage/framework/core/router": {
      "name": "@stacksjs/router",
      "version": "0.70.23",
      "dependencies": {
        "@stacksjs/bun-router": "^0.0.2",
        "ts-rate-limiter": "^0.4.0"
      },
      "devDependencies": {
        "@stacksjs/actions": "workspace:*",
        "@stacksjs/config": "workspace:*",
        "@stacksjs/error-handling": "workspace:*",
        "@stacksjs/logging": "workspace:*",
        "@stacksjs/orm": "workspace:*",
        "@stacksjs/path": "workspace:*",
        "@stacksjs/storage": "workspace:*",
        "@stacksjs/types": "workspace:*",
        "@stacksjs/validation": "workspace:*",
        "better-dx": "^0.2.5"
      }
    },
    "storage/framework/core/scheduler": {
      "name": "@stacksjs/scheduler",
      "version": "0.70.23",
      "devDependencies": {
        "@stacksjs/actions": "workspace:*",
        "@stacksjs/cron": "workspace:*",
        "better-dx": "^0.2.5"
      }
    },
    "storage/framework/core/search-engine": {
      "name": "@stacksjs/search-engine",
      "version": "0.70.23",
      "devDependencies": {
        "@stacksjs/config": "workspace:*",
        "better-dx": "^0.2.5"
      }
    },
    "storage/framework/core/security": {
      "name": "@stacksjs/security",
      "version": "0.70.23",
      "dependencies": {
        "ts-security-crypto": "0.0.2"
      },
      "devDependencies": {
        "@stacksjs/config": "workspace:*",
        "@stacksjs/env": "workspace:*",
        "@stacksjs/types": "workspace:*",
        "@stacksjs/validation": "workspace:*",
        "better-dx": "^0.2.5"
      }
    },
    "storage/framework/core/server": {
      "name": "@stacksjs/server",
      "version": "0.70.23",
      "devDependencies": {
        "@stacksjs/config": "workspace:*",
        "@stacksjs/path": "workspace:*",
        "@stacksjs/router": "workspace:*",
        "@stacksjs/validation": "workspace:*",
        "better-dx": "^0.2.5",
        "bun-plugin-auto-imports": "^0.4.0"
      }
    },
    "storage/framework/core/shell": {
      "name": "@stacksjs/shell",
      "version": "0.70.23",
      "devDependencies": {
        "better-dx": "^0.2.5"
      }
    },
    "storage/framework/core/slug": {
      "name": "@stacksjs/slug",
      "version": "0.70.23",
      "devDependencies": {
        "@stacksjs/cli": "workspace:*",
        "@stacksjs/database": "workspace:*",
        "@stacksjs/path": "workspace:*",
        "@stacksjs/strings": "workspace:*",
        "@stacksjs/utils": "workspace:*",
        "better-dx": "^0.2.5"
      }
    },
    "storage/framework/core/sms": {
      "name": "@stacksjs/sms",
      "version": "0.70.23",
      "devDependencies": {
        "@stacksjs/cli": "workspace:*",
        "@stacksjs/config": "workspace:*",
        "@stacksjs/error-handling": "workspace:*",
        "@stacksjs/types": "workspace:*",
        "better-dx": "^0.2.5"
      }
    },
    "storage/framework/core/socials": {
      "name": "@stacksjs/socials",
      "version": "0.70.23",
      "devDependencies": {
        "@stacksjs/error-handling": "workspace:*",
        "@stacksjs/router": "workspace:*",
        "better-dx": "^0.2.5"
      }
    },
    "storage/framework/core/storage": {
      "name": "@stacksjs/storage",
      "version": "0.70.23",
      "dependencies": {
        "@stacksjs/ts-cloud": "^0.1.14"
      },
      "devDependencies": {
        "@stacksjs/arrays": "workspace:*",
        "@stacksjs/error-handling": "workspace:*",
        "@stacksjs/path": "workspace:*",
        "@stacksjs/strings": "workspace:*",
        "@stacksjs/types": "workspace:*",
        "better-dx": "^0.2.5"
      }
    },
    "storage/framework/core/strings": {
      "name": "@stacksjs/strings",
      "version": "0.70.23",
      "devDependencies": {
        "@stacksjs/alias": "workspace:*",
        "@stacksjs/types": "workspace:*",
        "better-dx": "^0.2.5"
      }
    },
    "storage/framework/core/testing": {
      "name": "@stacksjs/testing",
      "version": "0.70.23",
      "dependencies": {
        "@stacksjs/ts-cloud": "^0.1.14"
      },
      "devDependencies": {
        "@stacksjs/config": "workspace:*",
        "@stacksjs/database": "workspace:*",
        "better-dx": "^0.2.5"
      }
    },
    "storage/framework/core/tinker": {
      "name": "@stacksjs/tinker",
      "version": "0.70.23",
      "devDependencies": {
        "better-dx": "^0.2.5"
      }
    },
    "storage/framework/core/tunnel": {
      "name": "@stacksjs/tunnel",
      "version": "0.70.23",
      "dependencies": {
        "localtunnels": "^0.2.7"
      },
      "devDependencies": {
        "better-dx": "^0.2.5"
      }
    },
    "storage/framework/core/types": {
      "name": "@stacksjs/types",
      "version": "0.70.23",
      "dependencies": {
        "@stacksjs/bunpress": "^0.1.1",
        "@stacksjs/ts-validation": "^0.4.9",
        "bun-query-builder": "^0.1.12"
      },
      "devDependencies": {
        "@stacksjs/validation": "workspace:*",
        "@types/bun": "^1.3.9",
        "typescript": "^5.9.3"
      }
    },
    "storage/framework/core/ui": {
      "name": "@stacksjs/ui",
      "version": "0.70.23",
      "devDependencies": {
        "@cwcss/crosswind": "^0.1.6",
        "@stacksjs/build": "workspace:*",
        "@stacksjs/config": "workspace:*",
        "@stacksjs/router": "workspace:*",
        "better-dx": "^0.2.5"
      }
    },
    "storage/framework/core/utils": {
      "name": "@stacksjs/utils",
      "version": "0.70.23",
      "dependencies": {
        "@stacksjs/browser": "workspace:*"
      },
      "devDependencies": {
        "@stacksjs/actions": "workspace:*",
        "@stacksjs/arrays": "workspace:*",
        "@stacksjs/cli": "workspace:*",
        "@stacksjs/config": "workspace:*",
        "@stacksjs/lint": "workspace:*",
        "@stacksjs/path": "workspace:*",
        "@stacksjs/storage": "workspace:*",
        "@stacksjs/strings": "workspace:*",
        "@stacksjs/types": "workspace:*",
        "better-dx": "^0.2.5"
      }
    },
    "storage/framework/core/validation": {
      "name": "@stacksjs/validation",
      "version": "0.70.23",
      "dependencies": {
        "@stacksjs/ts-validation": "^0.4.9"
      },
      "devDependencies": {
        "@stacksjs/strings": "workspace:*",
        "@stacksjs/types": "workspace:*",
        "better-dx": "^0.2.5"
      }
    },
    "storage/framework/core/whois": {
      "name": "@stacksjs/whois",
      "version": "0.70.23",
      "devDependencies": {
        "better-dx": "^0.2.5"
      }
    },
    "storage/framework/defaults/ide/vscode": {
      "name": "vscode-stacks",
      "version": "0.70.23",
      "devDependencies": {
        "@vscode/vsce": "^3.7.1"
      }
    },
    "storage/framework/docs": {
      "name": "stacks-docs",
      "version": "0.70.23",
      "dependencies": {
        "@stacksjs/alias": "workspace:*",
        "@stacksjs/cli": "workspace:*",
        "@stacksjs/config": "workspace:*",
        "@stacksjs/docs": "workspace:*",
        "@stacksjs/env": "workspace:*",
        "@stacksjs/path": "workspace:*",
        "@stacksjs/server": "workspace:*",
        "@stacksjs/storage": "workspace:*"
      }
    },
    "storage/framework/libs/components/vue": {
      "name": "@stacksjs/hello-world-vue",
      "version": "0.70.23",
      "devDependencies": {
        "stacks": "workspace:*"
      }
    },
    "storage/framework/libs/components/web": {
      "name": "@stacksjs/hello-world-elements",
      "version": "0.70.23",
      "devDependencies": {
        "stacks": "workspace:*"
      }
    },
    "storage/framework/libs/functions": {
      "name": "hello-world-fx",
      "version": "0.70.23",
      "devDependencies": {
        "stacks": "workspace:*"
      }
    },
    "storage/framework/orm": {
      "name": "stacks-orm",
      "version": "0.70.23",
      "dependencies": {
        "@stacksjs/cache": "workspace:*",
        "@stacksjs/database": "workspace:*",
        "@stacksjs/error-handling": "workspace:*"
      },
      "devDependencies": {
        "better-dx": "^0.2.5"
      }
    },
    "storage/framework/server": {
      "name": "stacks-server",
      "version": "0.70.23",
      "devDependencies": {
        "@stacksjs/logging": "workspace:*",
        "@stacksjs/path": "workspace:*",
        "@stacksjs/router": "workspace:*",
        "@stacksjs/storage": "workspace:*",
        "@stacksjs/utils": "workspace:*",
        "better-dx": "^0.2.5"
      }
    }
  },
  "packages": {
    "@anthropic-ai/claude-agent-sdk@0.2.78": {
      "name": "@anthropic-ai/claude-agent-sdk",
      "version": "0.2.78",
      "source": "npm",
      "resolved": "https://registry.npmjs.org/@anthropic-ai/claude-agent-sdk/-/claude-agent-sdk-0.2.78.tgz",
      "integrity": "sha512-pmaAkTp/zjXPf6pk16c29X/ePj/lkfuVYaXCVfF+NrqW4/QU+CZhuRVhcobdBrcosjc7LvB31PpHAR0iCJPW0g==",
      "peerDependencies": {
        "zod": "^4.0.0"
      }
    },
    "@cwcss/crosswind@0.1.6": {
      "name": "@cwcss/crosswind",
      "version": "0.1.6",
      "source": "npm",
      "resolved": "https://registry.npmjs.org/@cwcss/crosswind/-/crosswind-0.1.6.tgz",
      "integrity": "sha512-4NxFRgSSu8YQnLDj21kmUVxmwduCAvsrj3zOn5bKsaKvT/S+pBkHTl5+44d5cradQ872a+QCOOPVoEFmppsdYA==",
      "dependencies": {
        "@stacksjs/clapp": "^0.2.0",
        "bunfig": "^0.15.0"
      },
      "bin": {
        "crosswind": "./dist/bin/cli.js"
      }
    },
    "@stacksjs/bun-queue@0.0.1": {
      "name": "@stacksjs/bun-queue",
      "version": "0.0.1",
      "source": "npm",
      "resolved": "https://registry.npmjs.org/@stacksjs/bun-queue/-/bun-queue-0.0.1.tgz",
      "integrity": "sha512-DmnFxh5cgaQppy3SOpP1kl3ez6/b+ntFJu12+you6gH1wJPdN1Z6bumsHZD1Zq9cBw/ZM+IQueiVCq4PVsZY4g=="
    },
    "@stacksjs/bun-router@0.0.2": {
      "name": "@stacksjs/bun-router",
      "version": "0.0.2",
      "source": "npm",
      "resolved": "https://registry.npmjs.org/@stacksjs/bun-router/-/bun-router-0.0.2.tgz",
      "integrity": "sha512-S89ZQXD5JQG8UB9tyq+NXr3U9SoMrFZCZ7va2YLws68oblL1gUrsWp0NUSVqdwqHJKMpcomcfvpOL4HvmjBPeQ==",
      "dependencies": {
        "@stacksjs/clapp": "^0.2.0",
        "bun-query-builder": "^0.1.10",
        "openapi-types": "^12.1.3",
        "ts-rate-limiter": "^0.4.0"
      },
      "bin": {
        "bun-router": "./dist/cli.js",
        "router": "./bin/cli.ts"
      }
    },
    "@stacksjs/bunpress@0.1.3": {
      "name": "@stacksjs/bunpress",
      "version": "0.1.3",
      "source": "npm",
      "resolved": "https://registry.npmjs.org/@stacksjs/bunpress/-/bunpress-0.1.3.tgz",
      "integrity": "sha512-oIIQddMFqVoRpfMhsg0CDpL6tCV090pYdHcNzjUJmM0D0Zw/YGOMELeGKpmaF5xKUnqgCwU9NisyMjn8zqDnSQ=="
    },
    "@stacksjs/clapp@^0.2.0": {
      "name": "@stacksjs/clapp",
      "version": "^0.2.0",
      "source": "npm",
      "dependencies": {
        "mri": "^1.2.0",
        "wrap-ansi": "^9.0.0"
      },
      "bin": {
        "@stacksjs/clapp": "./dist/bin/cli.js",
        "clapp": "./dist/bin/cli.js"
      }
    },
    "@stacksjs/clarity@^0.3.24": {
      "name": "@stacksjs/clarity",
      "version": "^0.3.24",
      "source": "npm",
      "bin": {
        "clarity": "./dist/bin/cli.js"
      }
    },
    "@stacksjs/dnsx@0.2.2": {
      "name": "@stacksjs/dnsx",
      "version": "0.2.2",
      "source": "npm",
      "resolved": "https://registry.npmjs.org/@stacksjs/dnsx/-/dnsx-0.2.2.tgz",
      "integrity": "sha512-Y5j3TaO597Y+8CEJue8l+ZB8v+6MVG9J28fK6IJzUMQg9QYs1xFvor9ekjE/DAJ+A42JWfvSDD4fUKokv7fI4Q==",
      "bin": {
        "dnsx": "./dist/bin/cli.js"
      }
    },
    "@stacksjs/gitit@0.2.2": {
      "name": "@stacksjs/gitit",
      "version": "0.2.2",
      "source": "npm",
      "resolved": "https://registry.npmjs.org/@stacksjs/gitit/-/gitit-0.2.2.tgz",
      "integrity": "sha512-1dGvB+V/tPJ9nNUlLOHgTKBYc7awn9odEpk4uNqyhuj9NojPzleEBZZOc7NwNj+QrlsCfJHCS7JnU9+eUZw99g==",
      "dependencies": {
        "nanotar": "^0.2.0"
      },
      "bin": {
        "gitit": "./dist/bin/cli.js"
      }
    },
    "@stacksjs/gitlint@0.1.5": {
      "name": "@stacksjs/gitlint",
      "version": "0.1.5",
      "source": "npm",
      "resolved": "https://registry.npmjs.org/@stacksjs/gitlint/-/gitlint-0.1.5.tgz",
      "integrity": "sha512-5nSr6PN8/cRPdIz9Cj65Dh12N9gR7BPtJzR3rnqhAgpm5q0ihjmVTTybFQqigMcYuRpt2qX4HenV7YXuFOYScw==",
      "bin": {
        "gitlint": "./dist/bin/cli.js"
      }
    },
    "@stacksjs/httx@0.1.7": {
      "name": "@stacksjs/httx",
      "version": "0.1.7",
      "source": "npm",
      "resolved": "https://registry.npmjs.org/@stacksjs/httx/-/httx-0.1.7.tgz",
      "integrity": "sha512-YsN8JInk+MQsVZFSi1emLX4SO0cch994lhLs8MxX13NwdSZ/VsWOxTJaWnKbsSbIlCLeEVoc9JMD7NshOJRrTg==",
      "dependencies": {
        "ts-error-handling": "^0.1.0"
      },
      "bin": {
        "http": "./dist/bin/cli.js",
        "https": "./dist/bin/cli.js",
        "httx": "./dist/bin/cli.js"
      }
    },
    "@stacksjs/rpx@0.11.2": {
      "name": "@stacksjs/rpx",
      "version": "0.11.2",
      "source": "npm",
      "resolved": "https://registry.npmjs.org/@stacksjs/rpx/-/rpx-0.11.2.tgz",
      "integrity": "sha512-jNIObFbgE73GABaxb517B66cUdPCFBzwgTzYZoPNT2+C10e53y4r5p77TSto6oVrtC8g+bPgi7KF0HBW++LBGw==",
      "bin": {
        "reverse-proxy": "./dist/bin/cli.js",
        "rpx": "./dist/bin/cli.js"
      }
    },
    "@stacksjs/stx@0.2.10": {
      "name": "@stacksjs/stx",
      "version": "0.2.10",
      "source": "npm",
      "resolved": "https://registry.npmjs.org/@stacksjs/stx/-/stx-0.2.10.tgz",
      "integrity": "sha512-X7sc4oqFpx9b8GwW8DlJpXkhtj03ZmBt8z/i57X6BmtIY5H8LHF64t8Ei4LjfYhM5UUo79y6VEPGbyKz3prfOQ=="
    },
    "@stacksjs/tlsx@0.13.0": {
      "name": "@stacksjs/tlsx",
      "version": "0.13.0",
      "source": "npm",
      "resolved": "https://registry.npmjs.org/@stacksjs/tlsx/-/tlsx-0.13.0.tgz",
      "integrity": "sha512-mChJgXsQjjesYjX0rMD6P9l/9megDQnP5aiA3IVEQG9+t2GGIeHF2iUuBXbm9zJPnsQdqi792XliXjMkT5FGww==",
      "dependencies": {
        "cac": "^6.7.14",
        "consola": "^3.4.2"
      },
      "bin": {
        "tlsx": "./dist/bin/cli.js"
      }
    },
    "@stacksjs/ts-auth@0.4.1": {
      "name": "@stacksjs/ts-auth",
      "version": "0.4.1",
      "source": "npm",
      "resolved": "https://registry.npmjs.org/@stacksjs/ts-auth/-/ts-auth-0.4.1.tgz",
      "integrity": "sha512-r4ZT+a7sS68ODz8kmV12PAWruw7txuZDSGCDxh2WfvEYLrov6hZNFMqHX8GGpoW5tW1dppN9IPaHrpAXKJ9e3w==",
      "dependencies": {
        "ts-rate-limiter": "^0.4.0"
      },
      "bin": {
        "auth": "./dist/bin/cli.js"
      }
    },
    "@stacksjs/ts-cache@0.1.3": {
      "name": "@stacksjs/ts-cache",
      "version": "0.1.3",
      "source": "npm",
      "resolved": "https://registry.npmjs.org/@stacksjs/ts-cache/-/ts-cache-0.1.3.tgz",
      "integrity": "sha512-3o7WujmkTZPYAOy+fFXgKttEzZAiXT9TQSS9IeoQ7/OVfATptbeFWY9iAgrRcbMliCqLwVo/RL+dTOyGLbpGrQ==",
      "dependencies": {
        "bunfig": "^0.15.6",
        "clone": "^2.1.2"
      },
      "bin": {
        "cache": "./dist/bin/cli.js"
      }
    },
    "@stacksjs/ts-cloud@^0.1.14": {
      "name": "@stacksjs/ts-cloud",
      "version": "^0.1.14",
      "source": "npm",
      "dependencies": {
        "@stacksjs/ts-xml": "^0.1.0",
        "@ts-cloud/aws-types": "0.2.3",
        "@ts-cloud/core": "0.2.3"
      },
      "bin": {
        "cloud": "./dist/bin/cli.js"
      }
    },
    "@stacksjs/ts-cloud@^0.2.1": {
      "name": "@stacksjs/ts-cloud",
      "version": "^0.2.1",
      "source": "npm",
      "dependencies": {
        "@stacksjs/ts-xml": "^0.1.0",
        "@ts-cloud/aws-types": "0.2.3",
        "@ts-cloud/core": "0.2.3"
      },
      "bin": {
        "cloud": "./dist/bin/cli.js"
      }
    },
    "@stacksjs/ts-validation@0.4.10": {
      "name": "@stacksjs/ts-validation",
      "version": "0.4.10",
      "source": "npm",
      "resolved": "https://registry.npmjs.org/@stacksjs/ts-validation/-/ts-validation-0.4.10.tgz",
      "integrity": "sha512-HwJeypd55h2DlmPeGqMopYNCuXD3c4EzbKERDyS87YDZQ8Q5F/DmfPEWWgSSLdZ7GAmrCcXg/jac2gFdBCW9IQ=="
    },
    "@stripe/stripe-js@8.10.0": {
      "name": "@stripe/stripe-js",
      "version": "8.10.0",
      "source": "npm",
      "resolved": "https://registry.npmjs.org/@stripe/stripe-js/-/stripe-js-8.10.0.tgz",
      "integrity": "sha512-E1FtmN4/AMpdV0zDUyEnTVMpQTMDi7iy2njG22DpFcSxeCujK22bQ/hmF3bGtNUclqGJhOZMkf7rjUyOAcj4CQ=="
    },
    "@types/bun@^1.3.9": {
      "name": "@types/bun",
      "version": "^1.3.9",
      "source": "npm",
      "dependencies": {
        "bun-types": "1.3.10"
      }
    },
    "@vscode/vsce@3.7.2-0": {
      "name": "@vscode/vsce",
      "version": "3.7.2-0",
      "source": "npm",
      "resolved": "https://registry.npmjs.org/@vscode/vsce/-/vsce-3.7.2-0.tgz",
      "integrity": "sha512-Lb0FwU5VshbC3d9bUTPwNeopV6U8Xq1PJ8nIi1SMe3VLJ4+etnZDNlHo/vI6YJxB3uReCGqNYbcSZX0RAYx+5w==",
      "dependencies": {
        "@azure/identity": "^4.1.0",
        "@secretlint/node": "^10.1.2",
        "@secretlint/secretlint-formatter-sarif": "^10.1.2",
        "@secretlint/secretlint-rule-no-dotenv": "^10.1.2",
        "@secretlint/secretlint-rule-preset-recommend": "^10.1.2",
        "@vscode/vsce-sign": "^2.0.0",
        "azure-devops-node-api": "^12.5.0",
        "chalk": "^4.1.2",
        "cheerio": "^1.0.0-rc.9",
        "cockatiel": "^3.1.2",
        "commander": "^12.1.0",
        "form-data": "^4.0.0",
        "glob": "^11.0.0",
        "hosted-git-info": "^4.0.2",
        "jsonc-parser": "^3.2.0",
        "leven": "^3.1.0",
        "markdown-it": "^14.1.0",
        "mime": "^1.3.4",
        "minimatch": "^3.0.3",
        "parse-semver": "^1.1.1",
        "read": "^1.0.7",
        "secretlint": "^10.1.2",
        "semver": "^7.5.2",
        "tmp": "^0.2.3",
        "typed-rest-client": "^1.8.4",
        "url-join": "^4.0.1",
        "xml2js": "^0.5.0",
        "yauzl": "^2.3.1",
        "yazl": "^2.2.2"
      },
      "bin": {
        "vsce": "vsce"
      }
    },
    "better-dx@0.2.7": {
      "name": "better-dx",
      "version": "0.2.7",
      "source": "npm",
      "resolved": "https://registry.npmjs.org/better-dx/-/better-dx-0.2.7.tgz",
      "integrity": "sha512-J5Msp8jYKl4/YrTt/IWE32ZZg36/+M5klkAhSZb6Av5LGuFd7tylTerKq/8AwZxAYl9h8ZXV79Paygc+YjmCyw==",
      "peerDependencies": {
        "@stacksjs/bumpx": "^0.2.4",
        "@stacksjs/bunpress": "^0.1.1",
        "@stacksjs/clarity": "^0.3.24",
        "@stacksjs/gitlint": "^0.1.5",
        "@stacksjs/logsmith": "^0.2.1",
        "@types/bun": "^1.3.10",
        "buddy-bot": "^0.9.17",
        "bun-git-hooks": "^0.3.1",
        "bun-plugin-dtsx": "^0.9.13",
        "bunfig": "^0.15.6",
        "pickier": "^0.1.20",
        "ts-error-handling": "^0.1.1",
        "typescript": "^5.9.3"
      },
      "bin": {
        "better-dx": "./dist/bin/cli.js",
        "dx": "./dist/bin/cli.js"
      }
    },
    "bun-git-hooks@0.3.1": {
      "name": "bun-git-hooks",
      "version": "0.3.1",
      "source": "npm",
      "resolved": "https://registry.npmjs.org/bun-git-hooks/-/bun-git-hooks-0.3.1.tgz",
      "integrity": "sha512-Xs/QUqIYgBmLHSVr5VBLVbM5lZbUoAXKX2WZyoQDb2LlzcxC3BpBvMkMTQH75UuOJZwaRBq8yEe4IR6NckqdgQ=="
    },
    "bun-plugin-auto-imports@0.4.0": {
      "name": "bun-plugin-auto-imports",
      "version": "0.4.0",
      "source": "npm",
      "resolved": "https://registry.npmjs.org/bun-plugin-auto-imports/-/bun-plugin-auto-imports-0.4.0.tgz",
      "integrity": "sha512-YX+buOTQoJoIFSrgR3Y2PTz9Co60YyQ21ez6jJCkQuFMNe9atQJ9PfKNmCQINjhs6m/p3x8QD9jxbJ9/JMpSew=="
    },
    "bun-query-builder@0.1.13": {
      "name": "bun-query-builder",
      "version": "0.1.13",
      "source": "npm",
      "resolved": "https://registry.npmjs.org/bun-query-builder/-/bun-query-builder-0.1.13.tgz",
      "integrity": "sha512-jGA8xN53qJ7b6xxz4kCodya5U7UnwHYXVS0KGpJ4uxaK9Z73U5fv/EPbQtVzpQlHkoveWUivxC0gPaqhJpkWpg==",
      "dependencies": {
        "@stacksjs/clapp": "^0.2.0",
        "@stacksjs/ts-validation": "^0.4.9",
        "dynamodb-tooling": "^0.3.2",
        "ts-mocker": "^0.1.5"
      },
      "bin": {
        "qb": "./dist/bin/cli.js",
        "qbx": "./dist/bin/cli.js",
        "query-builder": "./dist/bin/cli.js"
      }
    },
    "bun.sh@^1.3.0": {
      "name": "bun.sh",
      "version": "^1.3.0",
      "source": "pantry"
    },
    "bunfig@^0.15.6": {
      "name": "bunfig",
      "version": "^0.15.6",
      "source": "npm",
      "dependencies": {
        "@stacksjs/clapp": "^0.2.0",
        "@stacksjs/clarity": "^0.3.24"
      },
      "bin": {
        "bunfig": "./bin/cli.js"
      }
    },
    "localtunnels@0.2.7": {
      "name": "localtunnels",
      "version": "0.2.7",
      "source": "npm",
      "resolved": "https://registry.npmjs.org/localtunnels/-/localtunnels-0.2.7.tgz",
      "integrity": "sha512-jK9pxaFoZLKI7tOBd5p1tpEP+LD5Azy12Gv6k5kqEpsKGc1A+01HflaZbIbKx0YJeOzoX20MO1UE/4pdvw8DQA==",
      "dependencies": {
        "bunfig": "^0.15.6"
      },
      "bin": {
        "localtunnel": "./dist/bin/cli.js",
        "lt": "./dist/bin/cli.js"
      }
    },
    "magic-regexp@0.11.0": {
      "name": "magic-regexp",
      "version": "0.11.0",
      "source": "npm",
      "resolved": "https://registry.npmjs.org/magic-regexp/-/magic-regexp-0.11.0.tgz",
      "integrity": "sha512-LG77Z/gVnwz7oaDpD4heX6ryl+lcr4l1B2gnP4MMvt2pGhGC1Dfj7dl1pXpP4ih+VQFLuAadeKVa+lARAzfW+Q==",
      "dependencies": {
        "magic-string": "^0.30.21",
        "regexp-tree": "^0.1.27",
        "type-level-regexp": "~0.1.17",
        "unplugin": "^3.0.0"
      }
    },
    "sqlite.org@^3.47.2": {
      "name": "sqlite.org",
      "version": "^3.47.2",
      "source": "pantry"
    },
    "stripe@20.5.0-alpha.1": {
      "name": "stripe",
      "version": "20.5.0-alpha.1",
      "source": "npm",
      "resolved": "https://registry.npmjs.org/stripe/-/stripe-20.5.0-alpha.1.tgz",
      "integrity": "sha512-CYe13yiotYw87yY5vMESuQ0Bkz9ZqZDXZ/Umbio2WZaY+tQK48yQ5sZVSkUr6O/og2sU0xiTy3OAT5JC6shhiQ==",
      "peerDependencies": {
        "@types/node": ">=16"
      },
      "optionalPeers": ["@types/node"]
    },
    "ts-collect@0.4.0": {
      "name": "ts-collect",
      "version": "0.4.0",
      "source": "npm",
      "resolved": "https://registry.npmjs.org/ts-collect/-/ts-collect-0.4.0.tgz",
      "integrity": "sha512-OXh8fiTrzKogmVfdwi4nGpROw/ovFOTXrYX2pgHoNH6qbjtNvq1CBd7DwpqUW7lAweYlshqBRrFbEj68gBUgkw=="
    },
    "ts-error-handling@0.1.1": {
      "name": "ts-error-handling",
      "version": "0.1.1",
      "source": "npm",
      "resolved": "https://registry.npmjs.org/ts-error-handling/-/ts-error-handling-0.1.1.tgz",
      "integrity": "sha512-d4VqdX0bJ+jvOYNsY58isJgrEr806Q9cjef5+1UO/kIn1M/+YYSwpR6fqdRhn9XXVASJLSzNmcnBSdl0fRCjDg=="
    },
    "ts-mocker@^0.1.6": {
      "name": "ts-mocker",
      "version": "^0.1.6",
      "source": "npm"
    },
    "ts-pantry@0.7.5": {
      "name": "ts-pantry",
      "version": "0.7.5",
      "source": "npm",
      "resolved": "https://registry.npmjs.org/ts-pantry/-/ts-pantry-0.7.5.tgz",
      "integrity": "sha512-2XidbgFFpgdnDxu3wCNdFbcmGx9o5kgEwamXKOoFAnosr7f04dTwbVcrvX5eU/8HwmRJYL5LxOB0svKj0hGMyA=="
    },
    "ts-rate-limiter@^0.4.0": {
      "name": "ts-rate-limiter",
      "version": "^0.4.0",
      "source": "npm",
      "bin": {
        "ts-rate-limiter": "./dist/bin/init-config.js"
      }
    },
    "ts-security-crypto@0.0.2": {
      "name": "ts-security-crypto",
      "version": "0.0.2",
      "source": "npm",
      "resolved": "https://registry.npmjs.org/ts-security-crypto/-/ts-security-crypto-0.0.2.tgz",
      "integrity": "sha512-jL/9lM7FohuuDjCYpERAzvrj3FmrLD56PITJeqmER4AabW8HyMmDjWHup0XSLwjNgvN6rVHk3gLFGVmkbEKzcA=="
    },
    "ts-slug@0.1.0": {
      "name": "ts-slug",
      "version": "0.1.0",
      "source": "npm",
      "resolved": "https://registry.npmjs.org/ts-slug/-/ts-slug-0.1.0.tgz",
      "integrity": "sha512-Z6BTOIBPanhcPc5oczj1m6LRQlW42s/5kyEmRpshNNx/1YUCyjWKllN+ZleQDxKLxw/APbG+W8BjTatrTE8sMA=="
    },
    "ts-spreadsheets@0.2.0": {
      "name": "ts-spreadsheets",
      "version": "0.2.0",
      "source": "npm",
      "resolved": "https://registry.npmjs.org/ts-spreadsheets/-/ts-spreadsheets-0.2.0.tgz",
      "integrity": "sha512-/4GiXSoF/lilocpenawz8X+MuPi6+aEfjI68fTXAqmpuzI4S2StQj19A85bvrFSga1DPf0qVQUHI1kzBlnjhyA==",
      "bin": {
        "spreadsheets": "./dist/bin/cli.js"
      }
    },
    "typescript@^5.9.3": {
      "name": "typescript",
      "version": "^5.9.3",
      "source": "npm",
      "bin": {
        "tsc": "./bin/tsc",
        "tsserver": "./bin/tsserver"
      }
    }
  }
}
