{
  "version": "1.0.0",
  "lockfileVersion": 2,
  "packages": {
    "ofetch@1.5.1": {
      "name": "ofetch",
      "version": "1.5.1",
      "source": "npm"
    },
    "perfect-debounce@2.1.0": {
      "name": "perfect-debounce",
      "version": "2.1.0",
      "source": "npm"
    },
    "pretty-bytes@7.1.0": {
      "name": "pretty-bytes",
      "version": "7.1.0",
      "source": "npm"
    }
  }
}
