// !$*UTF8*$!
{
	archiveVersion = 1;
	classes = {
	};
	objectVersion = 56;
	objects = {

/* Begin PBXBuildFile section */
		0C0000000000000000000010 /* __APP_NAME__App.swift in Sources */ = {isa = PBXBuildFile; fileRef = 0B0000000000000000000010 /* __APP_NAME__App.swift */; };
		0C0000000000000000000011 /* ContentView.swift in Sources */ = {isa = PBXBuildFile; fileRef = 0B0000000000000000000011 /* ContentView.swift */; };
		0C0000000000000000000012 /* Assets.xcassets in Resources */ = {isa = PBXBuildFile; fileRef = 0B0000000000000000000012 /* Assets.xcassets */; };
		0C0000000000000000000020 /* SafariWebExtensionHandler.swift in Sources */ = {isa = PBXBuildFile; fileRef = 0B0000000000000000000020 /* SafariWebExtensionHandler.swift */; };
		0C0000000000000000000023 /* Resources in Resources */ = {isa = PBXBuildFile; fileRef = 0B0000000000000000000023 /* Resources */; };
		0C0000000000000000000030 /* __APP_NAME__ Extension.appex in Embed App Extensions */ = {isa = PBXBuildFile; fileRef = 0B0000000000000000000002 /* __APP_NAME__ Extension.appex */; settings = {ATTRIBUTES = (RemoveHeadersOnCopy, ); }; };
/* End PBXBuildFile section */

/* Begin PBXContainerItemProxy section */
		0F0000000000000000000001 /* PBXContainerItemProxy */ = {
			isa = PBXContainerItemProxy;
			containerPortal = 010000000000000000000001 /* Project object */;
			proxyType = 1;
			remoteGlobalIDString = 0E0000000000000000000002;
			remoteInfo = "__APP_NAME__ Extension";
		};
/* End PBXContainerItemProxy section */

/* Begin PBXCopyFilesBuildPhase section */
		0D0000000000000000000013 /* Embed App Extensions */ = {
			isa = PBXCopyFilesBuildPhase;
			buildActionMask = 2147483647;
			dstPath = "";
			dstSubfolderSpec = 13;
			files = (
				0C0000000000000000000030 /* __APP_NAME__ Extension.appex in Embed App Extensions */,
			);
			name = "Embed App Extensions";
			runOnlyForDeploymentPostprocessing = 0;
		};
/* End PBXCopyFilesBuildPhase section */

/* Begin PBXFileReference section */
		0B0000000000000000000001 /* __APP_NAME__.app */ = {isa = PBXFileReference; explicitFileType = wrapper.application; includeInIndex = 0; path = __APP_NAME__.app; sourceTree = BUILT_PRODUCTS_DIR; };
		0B0000000000000000000002 /* __APP_NAME__ Extension.appex */ = {isa = PBXFileReference; explicitFileType = "wrapper.app-extension"; includeInIndex = 0; path = "__APP_NAME__ Extension.appex"; sourceTree = BUILT_PRODUCTS_DIR; };
		0B0000000000000000000010 /* __APP_NAME__App.swift */ = {isa = PBXFileReference; lastKnownFileType = sourcecode.swift; path = __APP_NAME__App.swift; sourceTree = "<group>"; };
		0B0000000000000000000011 /* ContentView.swift */ = {isa = PBXFileReference; lastKnownFileType = sourcecode.swift; path = ContentView.swift; sourceTree = "<group>"; };
		0B0000000000000000000012 /* Assets.xcassets */ = {isa = PBXFileReference; lastKnownFileType = folder.assetcatalog; path = Assets.xcassets; sourceTree = "<group>"; };
		0B0000000000000000000013 /* Info.plist */ = {isa = PBXFileReference; lastKnownFileType = text.plist.xml; path = Info.plist; sourceTree = "<group>"; };
		0B0000000000000000000014 /* __APP_NAME__.entitlements */ = {isa = PBXFileReference; lastKnownFileType = text.plist.entitlements; path = __APP_NAME__.entitlements; sourceTree = "<group>"; };
		0B0000000000000000000020 /* SafariWebExtensionHandler.swift */ = {isa = PBXFileReference; lastKnownFileType = sourcecode.swift; path = SafariWebExtensionHandler.swift; sourceTree = "<group>"; };
		0B0000000000000000000021 /* Info.plist */ = {isa = PBXFileReference; lastKnownFileType = text.plist.xml; path = Info.plist; sourceTree = "<group>"; };
		0B0000000000000000000022 /* __APP_NAME___Extension.entitlements */ = {isa = PBXFileReference; lastKnownFileType = text.plist.entitlements; path = __APP_NAME___Extension.entitlements; sourceTree = "<group>"; };
		0B0000000000000000000023 /* Resources */ = {isa = PBXFileReference; lastKnownFileType = folder; path = Resources; sourceTree = "<group>"; };
/* End PBXFileReference section */

/* Begin PBXFrameworksBuildPhase section */
		0D0000000000000000000011 /* Frameworks */ = {
			isa = PBXFrameworksBuildPhase;
			buildActionMask = 2147483647;
			files = (
			);
			runOnlyForDeploymentPostprocessing = 0;
		};
		0D0000000000000000000021 /* Frameworks */ = {
			isa = PBXFrameworksBuildPhase;
			buildActionMask = 2147483647;
			files = (
			);
			runOnlyForDeploymentPostprocessing = 0;
		};
/* End PBXFrameworksBuildPhase section */

/* Begin PBXGroup section */
		0A0000000000000000000001 = {
			isa = PBXGroup;
			children = (
				0A0000000000000000000003 /* __APP_NAME__ */,
				0A0000000000000000000004 /* __APP_NAME__ Extension */,
				0A0000000000000000000002 /* Products */,
			);
			sourceTree = "<group>";
		};
		0A0000000000000000000002 /* Products */ = {
			isa = PBXGroup;
			children = (
				0B0000000000000000000001 /* __APP_NAME__.app */,
				0B0000000000000000000002 /* __APP_NAME__ Extension.appex */,
			);
			name = Products;
			sourceTree = "<group>";
		};
		0A0000000000000000000003 /* __APP_NAME__ */ = {
			isa = PBXGroup;
			children = (
				0B0000000000000000000010 /* __APP_NAME__App.swift */,
				0B0000000000000000000011 /* ContentView.swift */,
				0B0000000000000000000012 /* Assets.xcassets */,
				0B0000000000000000000013 /* Info.plist */,
				0B0000000000000000000014 /* __APP_NAME__.entitlements */,
			);
			path = __APP_NAME__;
			sourceTree = "<group>";
		};
		0A0000000000000000000004 /* __APP_NAME__ Extension */ = {
			isa = PBXGroup;
			children = (
				0B0000000000000000000020 /* SafariWebExtensionHandler.swift */,
				0B0000000000000000000021 /* Info.plist */,
				0B0000000000000000000022 /* __APP_NAME___Extension.entitlements */,
				0B0000000000000000000023 /* Resources */,
			);
			path = "__APP_NAME__ Extension";
			sourceTree = "<group>";
		};
/* End PBXGroup section */

/* Begin PBXNativeTarget section */
		0E0000000000000000000001 /* __APP_NAME__ */ = {
			isa = PBXNativeTarget;
			buildConfigurationList = 030000000000000000000011 /* Build configuration list for PBXNativeTarget "__APP_NAME__" */;
			buildPhases = (
				0D0000000000000000000010 /* Sources */,
				0D0000000000000000000011 /* Frameworks */,
				0D0000000000000000000012 /* Resources */,
				0D0000000000000000000013 /* Embed App Extensions */,
			);
			buildRules = (
			);
			dependencies = (
				0F0000000000000000000002 /* PBXTargetDependency */,
			);
			name = __APP_NAME__;
			productName = __APP_NAME__;
			productReference = 0B0000000000000000000001 /* __APP_NAME__.app */;
			productType = "com.apple.product-type.application";
		};
		0E0000000000000000000002 /* __APP_NAME__ Extension */ = {
			isa = PBXNativeTarget;
			buildConfigurationList = 030000000000000000000021 /* Build configuration list for PBXNativeTarget "__APP_NAME__ Extension" */;
			buildPhases = (
				0D0000000000000000000020 /* Sources */,
				0D0000000000000000000021 /* Frameworks */,
				0D0000000000000000000022 /* Resources */,
			);
			buildRules = (
			);
			dependencies = (
			);
			name = "__APP_NAME__ Extension";
			productName = "__APP_NAME__ Extension";
			productReference = 0B0000000000000000000002 /* __APP_NAME__ Extension.appex */;
			productType = "com.apple.product-type.app-extension";
		};
/* End PBXNativeTarget section */

/* Begin PBXProject section */
		010000000000000000000001 /* Project object */ = {
			isa = PBXProject;
			attributes = {
				BuildIndependentTargetsInParallel = 1;
				LastSwiftUpdateCheck = 1600;
				LastUpgradeCheck = 1600;
				TargetAttributes = {
					0E0000000000000000000001 = {
						CreatedOnToolsVersion = 16.0;
					};
					0E0000000000000000000002 = {
						CreatedOnToolsVersion = 16.0;
					};
				};
			};
			buildConfigurationList = 030000000000000000000001 /* Build configuration list for PBXProject "__APP_NAME__" */;
			compatibilityVersion = "Xcode 14.0";
			developmentRegion = en;
			hasScannedForEncodings = 0;
			knownRegions = (
				en,
				Base,
			);
			mainGroup = 0A0000000000000000000001;
			productRefGroup = 0A0000000000000000000002 /* Products */;
			projectDirPath = "";
			projectRoot = "";
			targets = (
				0E0000000000000000000001 /* __APP_NAME__ */,
				0E0000000000000000000002 /* __APP_NAME__ Extension */,
			);
		};
/* End PBXProject section */

/* Begin PBXResourcesBuildPhase section */
		0D0000000000000000000012 /* Resources */ = {
			isa = PBXResourcesBuildPhase;
			buildActionMask = 2147483647;
			files = (
				0C0000000000000000000012 /* Assets.xcassets in Resources */,
			);
			runOnlyForDeploymentPostprocessing = 0;
		};
		0D0000000000000000000022 /* Resources */ = {
			isa = PBXResourcesBuildPhase;
			buildActionMask = 2147483647;
			files = (
				0C0000000000000000000023 /* Resources in Resources */,
			);
			runOnlyForDeploymentPostprocessing = 0;
		};
/* End PBXResourcesBuildPhase section */

/* Begin PBXSourcesBuildPhase section */
		0D0000000000000000000010 /* Sources */ = {
			isa = PBXSourcesBuildPhase;
			buildActionMask = 2147483647;
			files = (
				0C0000000000000000000010 /* __APP_NAME__App.swift in Sources */,
				0C0000000000000000000011 /* ContentView.swift in Sources */,
			);
			runOnlyForDeploymentPostprocessing = 0;
		};
		0D0000000000000000000020 /* Sources */ = {
			isa = PBXSourcesBuildPhase;
			buildActionMask = 2147483647;
			files = (
				0C0000000000000000000020 /* SafariWebExtensionHandler.swift in Sources */,
			);
			runOnlyForDeploymentPostprocessing = 0;
		};
/* End PBXSourcesBuildPhase section */

/* Begin PBXTargetDependency section */
		0F0000000000000000000002 /* PBXTargetDependency */ = {
			isa = PBXTargetDependency;
			target = 0E0000000000000000000002 /* __APP_NAME__ Extension */;
			targetProxy = 0F0000000000000000000001 /* PBXContainerItemProxy */;
		};
/* End PBXTargetDependency section */

/* Begin XCBuildConfiguration section */
		020000000000000000000001 /* Debug */ = {
			isa = XCBuildConfiguration;
			buildSettings = {
				ALWAYS_SEARCH_USER_PATHS = NO;
				ASSETCATALOG_COMPILER_GENERATE_SWIFT_ASSET_SYMBOL_EXTENSIONS = YES;
				CLANG_ANALYZER_NONNULL = YES;
				CLANG_ANALYZER_NUMBER_OBJECT_CONVERSION = YES_AGGRESSIVE;
				CLANG_CXX_LANGUAGE_STANDARD = "gnu++20";
				CLANG_ENABLE_MODULES = YES;
				CLANG_ENABLE_OBJC_ARC = YES;
				CLANG_ENABLE_OBJC_WEAK = YES;
				CLANG_WARN_BLOCK_CAPTURE_AUTORELEASING = YES;
				CLANG_WARN_BOOL_CONVERSION = YES;
				CLANG_WARN_COMMA = YES;
				CLANG_WARN_CONSTANT_CONVERSION = YES;
				CLANG_WARN_DEPRECATED_OBJC_IMPLEMENTATIONS = YES;
				CLANG_WARN_DIRECT_OBJC_ISA_USAGE = YES_ERROR;
				CLANG_WARN_DOCUMENTATION_COMMENTS = YES;
				CLANG_WARN_EMPTY_BODY = YES;
				CLANG_WARN_ENUM_CONVERSION = YES;
				CLANG_WARN_INFINITE_RECURSION = YES;
				CLANG_WARN_INT_CONVERSION = YES;
				CLANG_WARN_NON_LITERAL_NULL_CONVERSION = YES;
				CLANG_WARN_OBJC_IMPLICIT_RETAIN_SELF = YES;
				CLANG_WARN_OBJC_LITERAL_CONVERSION = YES;
				CLANG_WARN_OBJC_ROOT_CLASS = YES_ERROR;
				CLANG_WARN_QUOTED_INCLUDE_IN_FRAMEWORK_HEADER = YES;
				CLANG_WARN_RANGE_LOOP_ANALYSIS = YES;
				CLANG_WARN_STRICT_PROTOTYPES = YES;
				CLANG_WARN_SUSPICIOUS_MOVE = YES;
				CLANG_WARN_UNGUARDED_AVAILABILITY = YES_AGGRESSIVE;
				CLANG_WARN_UNREACHABLE_CODE = YES;
				CLANG_WARN__DUPLICATE_METHOD_MATCH = YES;
				COPY_PHASE_STRIP = NO;
				CURRENT_PROJECT_VERSION = 1;
				DEAD_CODE_STRIPPING = YES;
				DEBUG_INFORMATION_FORMAT = dwarf;
				ENABLE_STRICT_OBJC_MSGSEND = YES;
				ENABLE_TESTABILITY = YES;
				ENABLE_USER_SCRIPT_SANDBOXING = YES;
				GCC_C_LANGUAGE_STANDARD = gnu17;
				GCC_DYNAMIC_NO_PIC = NO;
				GCC_NO_COMMON_BLOCKS = YES;
				GCC_OPTIMIZATION_LEVEL = 0;
				GCC_PREPROCESSOR_DEFINITIONS = (
					"DEBUG=1",
					"$(inherited)",
				);
				GCC_WARN_64_TO_32_BIT_CONVERSION = YES;
				GCC_WARN_ABOUT_RETURN_TYPE = YES_ERROR;
				GCC_WARN_UNDECLARED_SELECTOR = YES;
				GCC_WARN_UNINITIALIZED_AUTOS = YES_AGGRESSIVE;
				GCC_WARN_UNUSED_FUNCTION = YES;
				GCC_WARN_UNUSED_VARIABLE = YES;
				LOCALIZATION_PREFERS_STRING_CATALOGS = YES;
				MACOSX_DEPLOYMENT_TARGET = 14.0;
				MARKETING_VERSION = __MARKETING_VERSION__;
				MTL_ENABLE_DEBUG_INFO = INCLUDE_SOURCE;
				MTL_FAST_MATH = YES;
				ONLY_ACTIVE_ARCH = YES;
				SDKROOT = macosx;
				SWIFT_ACTIVE_COMPILATION_CONDITIONS = "DEBUG $(inherited)";
				SWIFT_OPTIMIZATION_LEVEL = "-Onone";
				SWIFT_VERSION = 5.0;
			};
			name = Debug;
		};
		020000000000000000000002 /* Release */ = {
			isa = XCBuildConfiguration;
			buildSettings = {
				ALWAYS_SEARCH_USER_PATHS = NO;
				ASSETCATALOG_COMPILER_GENERATE_SWIFT_ASSET_SYMBOL_EXTENSIONS = YES;
				CLANG_ANALYZER_NONNULL = YES;
				CLANG_ANALYZER_NUMBER_OBJECT_CONVERSION = YES_AGGRESSIVE;
				CLANG_CXX_LANGUAGE_STANDARD = "gnu++20";
				CLANG_ENABLE_MODULES = YES;
				CLANG_ENABLE_OBJC_ARC = YES;
				CLANG_ENABLE_OBJC_WEAK = YES;
				CLANG_WARN_BLOCK_CAPTURE_AUTORELEASING = YES;
				CLANG_WARN_BOOL_CONVERSION = YES;
				CLANG_WARN_COMMA = YES;
				CLANG_WARN_CONSTANT_CONVERSION = YES;
				CLANG_WARN_DEPRECATED_OBJC_IMPLEMENTATIONS = YES;
				CLANG_WARN_DIRECT_OBJC_ISA_USAGE = YES_ERROR;
				CLANG_WARN_DOCUMENTATION_COMMENTS = YES;
				CLANG_WARN_EMPTY_BODY = YES;
				CLANG_WARN_ENUM_CONVERSION = YES;
				CLANG_WARN_INFINITE_RECURSION = YES;
				CLANG_WARN_INT_CONVERSION = YES;
				CLANG_WARN_NON_LITERAL_NULL_CONVERSION = YES;
				CLANG_WARN_OBJC_IMPLICIT_RETAIN_SELF = YES;
				CLANG_WARN_OBJC_LITERAL_CONVERSION = YES;
				CLANG_WARN_OBJC_ROOT_CLASS = YES_ERROR;
				CLANG_WARN_QUOTED_INCLUDE_IN_FRAMEWORK_HEADER = YES;
				CLANG_WARN_RANGE_LOOP_ANALYSIS = YES;
				CLANG_WARN_STRICT_PROTOTYPES = YES;
				CLANG_WARN_SUSPICIOUS_MOVE = YES;
				CLANG_WARN_UNGUARDED_AVAILABILITY = YES_AGGRESSIVE;
				CLANG_WARN_UNREACHABLE_CODE = YES;
				CLANG_WARN__DUPLICATE_METHOD_MATCH = YES;
				COPY_PHASE_STRIP = NO;
				CURRENT_PROJECT_VERSION = 1;
				DEAD_CODE_STRIPPING = YES;
				DEBUG_INFORMATION_FORMAT = "dwarf-with-dsym";
				ENABLE_NS_ASSERTIONS = NO;
				ENABLE_STRICT_OBJC_MSGSEND = YES;
				ENABLE_USER_SCRIPT_SANDBOXING = YES;
				GCC_C_LANGUAGE_STANDARD = gnu17;
				GCC_NO_COMMON_BLOCKS = YES;
				GCC_WARN_64_TO_32_BIT_CONVERSION = YES;
				GCC_WARN_ABOUT_RETURN_TYPE = YES_ERROR;
				GCC_WARN_UNDECLARED_SELECTOR = YES;
				GCC_WARN_UNINITIALIZED_AUTOS = YES_AGGRESSIVE;
				GCC_WARN_UNUSED_FUNCTION = YES;
				GCC_WARN_UNUSED_VARIABLE = YES;
				LOCALIZATION_PREFERS_STRING_CATALOGS = YES;
				MACOSX_DEPLOYMENT_TARGET = 14.0;
				MARKETING_VERSION = __MARKETING_VERSION__;
				MTL_ENABLE_DEBUG_INFO = NO;
				MTL_FAST_MATH = YES;
				SDKROOT = macosx;
				SWIFT_COMPILATION_MODE = wholemodule;
				SWIFT_OPTIMIZATION_LEVEL = "-O";
				SWIFT_VERSION = 5.0;
				VALIDATE_PRODUCT = YES;
			};
			name = Release;
		};
		020000000000000000000011 /* Debug */ = {
			isa = XCBuildConfiguration;
			buildSettings = {
				ASSETCATALOG_COMPILER_APPICON_NAME = AppIcon;
				CODE_SIGN_ENTITLEMENTS = __APP_NAME__/__APP_NAME__.entitlements;
				CODE_SIGN_STYLE = Automatic;
				COMBINE_HIDPI_IMAGES = YES;
				DEVELOPMENT_TEAM = "";
				ENABLE_HARDENED_RUNTIME = YES;
				GENERATE_INFOPLIST = NO;
				INFOPLIST_FILE = __APP_NAME__/Info.plist;
				LD_RUNPATH_SEARCH_PATHS = (
					"$(inherited)",
					"@executable_path/../Frameworks",
				);
				PRODUCT_BUNDLE_IDENTIFIER = __BUNDLE_ID__;
				PRODUCT_BUNDLE_PACKAGE_TYPE = APPL;
				PRODUCT_NAME = "$(TARGET_NAME)";
				SKIP_INSTALL = NO;
				SWIFT_EMIT_LOC_STRINGS = YES;
			};
			name = Debug;
		};
		020000000000000000000012 /* Release */ = {
			isa = XCBuildConfiguration;
			buildSettings = {
				ASSETCATALOG_COMPILER_APPICON_NAME = AppIcon;
				CODE_SIGN_ENTITLEMENTS = __APP_NAME__/__APP_NAME__.entitlements;
				CODE_SIGN_STYLE = Automatic;
				COMBINE_HIDPI_IMAGES = YES;
				DEVELOPMENT_TEAM = "";
				ENABLE_HARDENED_RUNTIME = YES;
				GENERATE_INFOPLIST = NO;
				INFOPLIST_FILE = __APP_NAME__/Info.plist;
				LD_RUNPATH_SEARCH_PATHS = (
					"$(inherited)",
					"@executable_path/../Frameworks",
				);
				PRODUCT_BUNDLE_IDENTIFIER = __BUNDLE_ID__;
				PRODUCT_BUNDLE_PACKAGE_TYPE = APPL;
				PRODUCT_NAME = "$(TARGET_NAME)";
				SKIP_INSTALL = NO;
				SWIFT_EMIT_LOC_STRINGS = YES;
			};
			name = Release;
		};
		020000000000000000000021 /* Debug */ = {
			isa = XCBuildConfiguration;
			buildSettings = {
				CODE_SIGN_ENTITLEMENTS = "__APP_NAME__ Extension/__APP_NAME___Extension.entitlements";
				CODE_SIGN_STYLE = Automatic;
				DEVELOPMENT_TEAM = "";
				ENABLE_HARDENED_RUNTIME = YES;
				GENERATE_INFOPLIST = NO;
				INFOPLIST_FILE = "__APP_NAME__ Extension/Info.plist";
				LD_RUNPATH_SEARCH_PATHS = (
					"$(inherited)",
					"@executable_path/../Frameworks",
					"@executable_path/../../../../Frameworks",
				);
				PRODUCT_BUNDLE_IDENTIFIER = __EXT_BUNDLE_ID__;
				PRODUCT_BUNDLE_PACKAGE_TYPE = "XPC!";
				PRODUCT_NAME = "$(TARGET_NAME)";
				SKIP_INSTALL = YES;
				SWIFT_EMIT_LOC_STRINGS = YES;
			};
			name = Debug;
		};
		020000000000000000000022 /* Release */ = {
			isa = XCBuildConfiguration;
			buildSettings = {
				CODE_SIGN_ENTITLEMENTS = "__APP_NAME__ Extension/__APP_NAME___Extension.entitlements";
				CODE_SIGN_STYLE = Automatic;
				DEVELOPMENT_TEAM = "";
				ENABLE_HARDENED_RUNTIME = YES;
				GENERATE_INFOPLIST = NO;
				INFOPLIST_FILE = "__APP_NAME__ Extension/Info.plist";
				LD_RUNPATH_SEARCH_PATHS = (
					"$(inherited)",
					"@executable_path/../Frameworks",
					"@executable_path/../../../../Frameworks",
				);
				PRODUCT_BUNDLE_IDENTIFIER = __EXT_BUNDLE_ID__;
				PRODUCT_BUNDLE_PACKAGE_TYPE = "XPC!";
				PRODUCT_NAME = "$(TARGET_NAME)";
				SKIP_INSTALL = YES;
				SWIFT_EMIT_LOC_STRINGS = YES;
			};
			name = Release;
		};
/* End XCBuildConfiguration section */

/* Begin XCConfigurationList section */
		030000000000000000000001 /* Build configuration list for PBXProject "__APP_NAME__" */ = {
			isa = XCConfigurationList;
			buildConfigurations = (
				020000000000000000000001 /* Debug */,
				020000000000000000000002 /* Release */,
			);
			defaultConfigurationIsVisible = 0;
			defaultConfigurationName = Release;
		};
		030000000000000000000011 /* Build configuration list for PBXNativeTarget "__APP_NAME__" */ = {
			isa = XCConfigurationList;
			buildConfigurations = (
				020000000000000000000011 /* Debug */,
				020000000000000000000012 /* Release */,
			);
			defaultConfigurationIsVisible = 0;
			defaultConfigurationName = Release;
		};
		030000000000000000000021 /* Build configuration list for PBXNativeTarget "__APP_NAME__ Extension" */ = {
			isa = XCConfigurationList;
			buildConfigurations = (
				020000000000000000000021 /* Debug */,
				020000000000000000000022 /* Release */,
			);
			defaultConfigurationIsVisible = 0;
			defaultConfigurationName = Release;
		};
/* End XCConfigurationList section */
	};
	rootObject = 010000000000000000000001 /* Project object */;
}
