{
  "name": "stacks-stackblitz-starter",
  "version": "0.0.0",
  "lockfileVersion": 3,
  "requires": true,
  "packages": {
    "": {
      "name": "stacks-stackblitz-starter",
      "version": "0.0.0",
      "dependencies": {
        "@stacksjs/stx": "0.2.99"
      }
    },
    "node_modules/@cwcss/crosswind": {
      "version": "0.2.10",
      "resolved": "https://registry.npmjs.org/@cwcss/crosswind/-/crosswind-0.2.10.tgz",
      "integrity": "sha512-yG0kjhmhZxSQtmDu3STgIrYc6zUuH+g6gwzaYq5LqKStY1HM65WZWMI86ZqET6yGRRWUdQQMCF2176o2nK8YRA==",
      "license": "MIT",
      "dependencies": {
        "@stacksjs/clapp": "^0.2.0",
        "bunfig": "^0.15.0"
      },
      "bin": {
        "crosswind": "dist/cli.js"
      }
    },
    "node_modules/@stacksjs/clapp": {
      "version": "0.2.12",
      "resolved": "https://registry.npmjs.org/@stacksjs/clapp/-/clapp-0.2.12.tgz",
      "integrity": "sha512-EzCjl9cfKNMe7UPONHSSAffyfFVrbLzcEVx2i6HYLnJkcka5HFf1vPvOMkErCC10WDX+2Z1BOMTdsTXP1MqIbQ==",
      "license": "MIT"
    },
    "node_modules/@stacksjs/clarity": {
      "version": "0.3.29",
      "resolved": "https://registry.npmjs.org/@stacksjs/clarity/-/clarity-0.3.29.tgz",
      "integrity": "sha512-EQzT6h1J17sZLsHEablV1KO+x4N5jLff3whzGbfZiy4xhnRVSw2eA3EbHXjbjQmv65PaUr3c8Kp3eTWRG0b7lQ==",
      "license": "MIT",
      "dependencies": {
        "bunfig": "^0.15.6"
      },
      "bin": {
        "clarity": "dist/bin/cli.js"
      }
    },
    "node_modules/@stacksjs/desktop": {
      "version": "0.2.99",
      "resolved": "https://registry.npmjs.org/@stacksjs/desktop/-/desktop-0.2.99.tgz",
      "integrity": "sha512-CQwp77Y50Qbz3ih2KBGfIqUhmUm3U5wkPHDGtQM6hIlBYexbyxtdZMBp/uZkvD4wYrtojMtqnzb/TxBvxwQ9uA==",
      "license": "MIT",
      "optional": true,
      "peerDependencies": {
        "craft": "*"
      },
      "peerDependenciesMeta": {
        "craft": {
          "optional": true
        }
      }
    },
    "node_modules/@stacksjs/sanitizer": {
      "version": "0.2.99",
      "resolved": "https://registry.npmjs.org/@stacksjs/sanitizer/-/sanitizer-0.2.99.tgz",
      "integrity": "sha512-bIJy4mgT1rVVW8wGSS31qnIOvDynh+ZKA66bo+LNqct3msEr62w28w/nTFp2MlGp2VGiPTZn0GKxLkIKWa1UXQ==",
      "license": "MIT"
    },
    "node_modules/@stacksjs/stx": {
      "version": "0.2.99",
      "resolved": "https://registry.npmjs.org/@stacksjs/stx/-/stx-0.2.99.tgz",
      "integrity": "sha512-F4GuF4XXRLC7QEUQvcZkzj9yc27wDS0k44GQ7TAZzbu0Dxd4KxJsGw2PM4fgVc5Fi+C/v/tXXf9Dp9AnP7QV/w==",
      "license": "MIT",
      "dependencies": {
        "@cwcss/crosswind": "^0.2.6",
        "@stacksjs/clapp": "^0.2.0",
        "@stacksjs/sanitizer": "0.2.99",
        "@stacksjs/ts-i18n": "^0.1.11",
        "bun-plugin-stx": "0.2.99",
        "bunfig": "^0.15.15",
        "stx-router": "0.2.99",
        "ts-broadcasting": "^0.0.8",
        "ts-images": "^0.1.9",
        "ts-syntax-highlighter": "^0.2.1"
      },
      "bin": {
        "stx": "dist/cli.js"
      },
      "optionalDependencies": {
        "@stacksjs/desktop": "0.2.99"
      }
    },
    "node_modules/@stacksjs/ts-avif": {
      "version": "0.1.3",
      "resolved": "https://registry.npmjs.org/@stacksjs/ts-avif/-/ts-avif-0.1.3.tgz",
      "integrity": "sha512-4yysfhz3qjC3DbM1VoG0uW4DjrROjY2eXFUElcMUEe1dH8tGoeLF3BVLi2qdKchtRNX2kojnrbS1vLv4njKIXQ==",
      "license": "MIT"
    },
    "node_modules/@stacksjs/ts-bmp": {
      "version": "0.1.0",
      "resolved": "https://registry.npmjs.org/@stacksjs/ts-bmp/-/ts-bmp-0.1.0.tgz",
      "integrity": "sha512-O02r5q35OaoLRkTLOcFCylQzY3Oeji6QebdzLBfuWt77MoS/gY/4igY53N++pUjA4uS34cHHd/P651LlCKoBeA==",
      "hasInstallScript": true,
      "license": "MIT"
    },
    "node_modules/@stacksjs/ts-css": {
      "version": "0.1.0",
      "resolved": "https://registry.npmjs.org/@stacksjs/ts-css/-/ts-css-0.1.0.tgz",
      "integrity": "sha512-373WvzZeXdqwi6lRwyfr05r3KOtbo4QXWPhmoGFI6NSa5ZcUEiyYJGL2KsV9mfQNTsBp+0q3wPnj1EQ/1zuieg==",
      "hasInstallScript": true,
      "license": "MIT",
      "dependencies": {
        "bunfig": "^0.15.6"
      },
      "bin": {
        "ts-css": "dist/bin/cli.js"
      }
    },
    "node_modules/@stacksjs/ts-i18n": {
      "version": "0.1.11",
      "resolved": "https://registry.npmjs.org/@stacksjs/ts-i18n/-/ts-i18n-0.1.11.tgz",
      "integrity": "sha512-33FM0gKdxBy6EUsUZLGAMe0D7QUZ4f/BQXRsQIyzkZgs2+juruUTevPuJGCjWSZsgJuiaBfEJn8Oq8ctuo1OWQ==",
      "license": "MIT",
      "dependencies": {
        "@stacksjs/clapp": "^0.2.9",
        "bunfig": "^0.15.6"
      },
      "bin": {
        "i18n": "dist/cli.js"
      }
    },
    "node_modules/@stacksjs/ts-png": {
      "version": "0.1.8",
      "resolved": "https://registry.npmjs.org/@stacksjs/ts-png/-/ts-png-0.1.8.tgz",
      "integrity": "sha512-6xJFCujeERqSJDdL/56XOButQnQuvUPdrKfAj5Ge2YQyQ3EgY7Eq6h24qaePHmEEiWDoo/4N6Wi2VvZpQXwz9w==",
      "license": "MIT"
    },
    "node_modules/@stacksjs/ts-svg": {
      "version": "0.1.1",
      "resolved": "https://registry.npmjs.org/@stacksjs/ts-svg/-/ts-svg-0.1.1.tgz",
      "integrity": "sha512-jG/DC3JaWEvblsrl3X1mVFPZY+1+DEtt9ypWXuXHyWyud+CaD/MQdGRypJbRyLrT03HWx/x6TG9UOzh7GDaing==",
      "hasInstallScript": true,
      "license": "MIT",
      "dependencies": {
        "@stacksjs/ts-css": "^0.1.0",
        "@stacksjs/ts-png": "^0.1.2"
      },
      "bin": {
        "svg": "dist/cli.js"
      }
    },
    "node_modules/@stacksjs/ts-webp": {
      "version": "0.1.2",
      "resolved": "https://registry.npmjs.org/@stacksjs/ts-webp/-/ts-webp-0.1.2.tgz",
      "integrity": "sha512-Wefb+axmDV5cC6gO0VtW7yldPBB9IcqNoywrj4r+5g6t95ciRhZAqU/+Ho6/n7vb4kSPTzlET/YSbr5O9/wM7w==",
      "license": "MIT"
    },
    "node_modules/bun-plugin-stx": {
      "version": "0.2.99",
      "resolved": "https://registry.npmjs.org/bun-plugin-stx/-/bun-plugin-stx-0.2.99.tgz",
      "integrity": "sha512-aMbMujmUqabHjA/NFJMJrKP2EieK4Dkr8dtLSDiinTjdIBnsLNCuy8yBWHPF/x6bD4tnvctF5FORlyOBoIXX8Q==",
      "license": "MIT",
      "dependencies": {
        "@stacksjs/stx": "^0.2.72",
        "stx-router": "^0.2.72"
      },
      "bin": {
        "serve": "dist/serve.js",
        "stx-serve": "dist/serve.js"
      }
    },
    "node_modules/bunfig": {
      "version": "0.15.15",
      "resolved": "https://registry.npmjs.org/bunfig/-/bunfig-0.15.15.tgz",
      "integrity": "sha512-LEBk4M2WqwsJs7U9N5ZnEV6C9Oq74yhcF0VQj/dFBLWyxhDozH3xn4zxrJOFyTwYzYPn6AyDGtSnq2B05HrWZA==",
      "license": "MIT",
      "dependencies": {
        "@stacksjs/clapp": "^0.2.0",
        "@stacksjs/clarity": "^0.3.24"
      },
      "bin": {
        "bunfig": "bin/cli.js"
      }
    },
    "node_modules/data-uri-to-buffer": {
      "version": "6.0.2",
      "resolved": "https://registry.npmjs.org/data-uri-to-buffer/-/data-uri-to-buffer-6.0.2.tgz",
      "integrity": "sha512-7hvf7/GW8e86rW0ptuwS3OcBGDjIi6SZva7hCyWC0yYry2cOPmLIjXAUHI6DK2HsnwJd9ifmt57i8eV2n4YNpw==",
      "license": "MIT",
      "engines": {
        "node": ">= 14"
      }
    },
    "node_modules/stx-router": {
      "version": "0.2.99",
      "resolved": "https://registry.npmjs.org/stx-router/-/stx-router-0.2.99.tgz",
      "integrity": "sha512-hAkLewTtvi5wkG3AHlAkEPJR763n1wxkCfOhv/B5YGna0uO/3l8ilS1ZSvThM/5H8WUDT775b9AaWbzqwqp5Bw==",
      "license": "MIT"
    },
    "node_modules/ts-broadcasting": {
      "version": "0.0.8",
      "resolved": "https://registry.npmjs.org/ts-broadcasting/-/ts-broadcasting-0.0.8.tgz",
      "integrity": "sha512-0qeFeTeWCRTkVQBLIhtvPCEhJ72EwF+G0TDF2V03ldxDKbFWlCRM5nJuP8aXyZDxeeGZ6zWwYtAIMRHrmwEDAA==",
      "license": "MIT",
      "bin": {
        "broadcast": "dist/bin/cli.js"
      }
    },
    "node_modules/ts-gif": {
      "version": "0.1.2",
      "resolved": "https://registry.npmjs.org/ts-gif/-/ts-gif-0.1.2.tgz",
      "integrity": "sha512-jbraplO1qqJtrtkFeepNPUGPad7w8FQHWIQFsn1OJbHeWKUbdqdkrX18XzNXI5Fw7+s6A3nbNTdj+Ukn4d3f8g==",
      "license": "MIT",
      "dependencies": {
        "data-uri-to-buffer": "^6.0.2"
      }
    },
    "node_modules/ts-images": {
      "version": "0.1.11",
      "resolved": "https://registry.npmjs.org/ts-images/-/ts-images-0.1.11.tgz",
      "integrity": "sha512-b5g1uADQR1Ytg4mS0EyFEce9jWhxC/kj1f5ChTVnnpPZV8NhI+aEW8YbH+LMDRCzCE1HRJiUIweUPqMkMAytIA==",
      "license": "MIT",
      "dependencies": {
        "@stacksjs/ts-avif": "^0.1.0",
        "@stacksjs/ts-bmp": "^0.1.0",
        "@stacksjs/ts-png": "^0.1.2",
        "@stacksjs/ts-svg": "^0.1.1",
        "@stacksjs/ts-webp": "^0.1.0",
        "ts-gif": "^0.1.2",
        "ts-jpeg": "^0.3.1"
      },
      "bin": {
        "imgx": "dist/bin/cli.js"
      }
    },
    "node_modules/ts-jpeg": {
      "version": "0.3.4",
      "resolved": "https://registry.npmjs.org/ts-jpeg/-/ts-jpeg-0.3.4.tgz",
      "integrity": "sha512-yK5fhHcMVBoEs+qReAMrDsh4q1mDmheylyg1k30TKzLeZl4hkM5MIMIEy4ZuFtV3l276JomBSZKnlEYoA1/eeQ==",
      "license": "MIT"
    },
    "node_modules/ts-syntax-highlighter": {
      "version": "0.2.5",
      "resolved": "https://registry.npmjs.org/ts-syntax-highlighter/-/ts-syntax-highlighter-0.2.5.tgz",
      "integrity": "sha512-4v2wDrPRZOeAA3o647xhyvuzpTIiSqimuR/KWoRZ/BtqX1yC9tesJzRMPpkbwZOI6BoJs65wST20Ma6Nyw+2Rg==",
      "license": "MIT",
      "workspaces": [
        "packages/*"
      ],
      "bin": {
        "ts-syntax-highlighter": "dist/bin/cli.js"
      }
    }
  }
}
